
Microsoft Visual Studio Solution File, Format Version 12.00
Project("{FAE04EC0-301F-11D3-BF4B-00C04F79EFBC}") = "PdfConverter", "PdfConverter\PdfConverter.csproj", "{6B06CBEB-B61B-4815-8776-31702EDE7AFB}"
EndProject
Project("{FAE04EC0-301F-11D3-BF4B-00C04F79EFBC}") = "PdfConvertor.BLL", "PdfConvertor.BLL\PdfConvertor.BLL.csproj", "{884B10A4-474F-4C06-BD21-B0A66A32CB60}"
EndProject
Global
	GlobalSection(SolutionConfigurationPlatforms) = preSolution
		Debug|Any CPU = Debug|Any CPU
		Release|Any CPU = Release|Any CPU
	EndGlobalSection
	GlobalSection(ProjectConfigurationPlatforms) = postSolution
		{6B06CBEB-B61B-4815-8776-31702EDE7AFB}.Debug|Any CPU.ActiveCfg = Debug|Any CPU
		{6B06CBEB-B61B-4815-8776-31702EDE7AFB}.Debug|Any CPU.Build.0 = Debug|Any CPU
		{6B06CBEB-B61B-4815-8776-31702EDE7AFB}.Release|Any CPU.ActiveCfg = Release|Any CPU
		{6B06CBEB-B61B-4815-8776-31702EDE7AFB}.Release|Any CPU.Build.0 = Release|Any CPU
		{884B10A4-474F-4C06-BD21-B0A66A32CB60}.Debug|Any CPU.ActiveCfg = Debug|Any CPU
		{884B10A4-474F-4C06-BD21-B0A66A32CB60}.Debug|Any CPU.Build.0 = Debug|Any CPU
		{884B10A4-474F-4C06-BD21-B0A66A32CB60}.Release|Any CPU.ActiveCfg = Release|Any CPU
		{884B10A4-474F-4C06-BD21-B0A66A32CB60}.Release|Any CPU.Build.0 = Release|Any CPU
	EndGlobalSection
EndGlobal
